
Microsoft Visual Studio Solution File, Format Version 12.00
# Visual Studio Version 17
VisualStudioVersion = 17.11.35222.181
MinimumVisualStudioVersion = 10.0.40219.1
Project("{FAE04EC0-301F-11D3-BF4B-00C04F79EFBC}") = "WebApplication1", "WebApplication1\WebApplication1.csproj", "{3731A692-72BB-46D5-91A4-7907650A7B33}"
EndProject
Global
	GlobalSection(SolutionConfigurationPlatforms) = preSolution
		Debug|Any CPU = Debug|Any CPU
		Release|Any CPU = Release|Any CPU
	EndGlobalSection
	GlobalSection(ProjectConfigurationPlatforms) = postSolution
		{3731A692-72BB-46D5-91A4-7907650A7B33}.Debug|Any CPU.ActiveCfg = Debug|Any CPU
		{3731A692-72BB-46D5-91A4-7907650A7B33}.Debug|Any CPU.Build.0 = Debug|Any CPU
		{3731A692-72BB-46D5-91A4-7907650A7B33}.Release|Any CPU.ActiveCfg = Release|Any CPU
		{3731A692-72BB-46D5-91A4-7907650A7B33}.Release|Any CPU.Build.0 = Release|Any CPU
	EndGlobalSection
	GlobalSection(SolutionProperties) = preSolution
		HideSolutionNode = FALSE
	EndGlobalSection
	GlobalSection(ExtensibilityGlobals) = postSolution
		SolutionGuid = {FE14248F-7651-4928-8C39-AB90F5723D9F}
	EndGlobalSection
EndGlobal
